
Microsoft Visual Studio Solution File, Format Version 12.00
# Visual Studio Version 17
VisualStudioVersion = 17.3.32901.215
MinimumVisualStudioVersion = 10.0.40219.1
Project("{FAE04EC0-301F-11D3-BF4B-00C04F79EFBC}") = "test", "test\test.csproj", "{1F13EA10-A7E0-44D6-B5FF-BC57440DAC7A}"
EndProject
Global
	GlobalSection(SolutionConfigurationPlatforms) = preSolution
		Debug|Any CPU = Debug|Any CPU
		Release|Any CPU = Release|Any CPU
	EndGlobalSection
	GlobalSection(ProjectConfigurationPlatforms) = postSolution
		{1F13EA10-A7E0-44D6-B5FF-BC57440DAC7A}.Debug|Any CPU.ActiveCfg = Debug|Any CPU
		{1F13EA10-A7E0-44D6-B5FF-BC57440DAC7A}.Debug|Any CPU.Build.0 = Debug|Any CPU
		{1F13EA10-A7E0-44D6-B5FF-BC57440DAC7A}.Release|Any CPU.ActiveCfg = Release|Any CPU
		{1F13EA10-A7E0-44D6-B5FF-BC57440DAC7A}.Release|Any CPU.Build.0 = Release|Any CPU
	EndGlobalSection
	GlobalSection(SolutionProperties) = preSolution
		HideSolutionNode = FALSE
	EndGlobalSection
	GlobalSection(ExtensibilityGlobals) = postSolution
		SolutionGuid = {3E8BED38-AC1F-402F-A3DE-F9BD7773E4F0}
	EndGlobalSection
EndGlobal
